<?xml version="1.0" encoding="utf-8"?>
<Project ToolsVersion="4.0" xmlns="http://schemas.microsoft.com/developer/msbuild/2003">
  <ItemGroup>
    <Filter Include="Source Files">
      <UniqueIdentifier>{4FC737F1-C7A5-4376-A066-2A32D752A2FF}</UniqueIdentifier>
      <Extensions>cpp;c;cc;cxx;c++;cppm;ixx;def;odl;idl;hpj;bat;asm;asmx</Extensions>
    </Filter>
    <Filter Include="Header Files">
      <UniqueIdentifier>{93995380-89BD-4b04-88EB-625FBE52EBFB}</UniqueIdentifier>
      <Extensions>h;hh;hpp;hxx;h++;hm;inl;inc;ipp;xsd</Extensions>
    </Filter>
    <Filter Include="Resource Files">
      <UniqueIdentifier>{67DA6AB6-F800-4c08-8B7A-83BB121AAD01}</UniqueIdentifier>
      <Extensions>rc;ico;cur;bmp;dlg;rc2;rct;bin;rgs;gif;jpg;jpeg;jpe;resx;tiff;tif;png;wav;mfcribbon-ms</Extensions>
    </Filter>
    <Filter Include="Header Files\imgui">
      <UniqueIdentifier>{7e084080-c1d0-4275-acc6-f4c9d698695f}</UniqueIdentifier>
    </Filter>
    <Filter Include="Source Files\imgui">
      <UniqueIdentifier>{7d12c4be-a97c-41b3-8cd3-2433aa6b8b8b}</UniqueIdentifier>
    </Filter>
    <Filter Include="Source Files\shapes">
      <UniqueIdentifier>{03895ecc-fab8-4f46-9325-4fbc16ff8a7e}</UniqueIdentifier>
    </Filter>
    <Filter Include="Header Files\exceptions">
      <UniqueIdentifier>{4c906d2a-8ed0-44d8-a754-6138a5bdc644}</UniqueIdentifier>
    </Filter>
    <Filter Include="Source Files\exceptions">
      <UniqueIdentifier>{785fb109-b812-4826-b869-1272456e3db7}</UniqueIdentifier>
    </Filter>
    <Filter Include="Source Files\graphics">
      <UniqueIdentifier>{4860ceec-33a7-464c-ba1e-9565bd75db72}</UniqueIdentifier>
    </Filter>
    <Filter Include="Header Files\shapes">
      <UniqueIdentifier>{8923d080-a356-4115-9a22-3122fdcc17c7}</UniqueIdentifier>
    </Filter>
    <Filter Include="Source Files\commands">
      <UniqueIdentifier>{f4f552d9-b720-40f1-8698-3c5ce54fa9ec}</UniqueIdentifier>
    </Filter>
    <Filter Include="Header Files\commands">
      <UniqueIdentifier>{bcaf5a75-8161-4a4d-a293-d9b26a02dda8}</UniqueIdentifier>
    </Filter>
    <Filter Include="Header Files\commands\supporting classes">
      <UniqueIdentifier>{45d27601-64de-4879-87fb-444dbce79442}</UniqueIdentifier>
    </Filter>
    <Filter Include="Header Files\commands\sub-commands">
      <UniqueIdentifier>{d2bba1aa-dfdf-4e29-bcd9-00a8b9cadb09}</UniqueIdentifier>
    </Filter>
    <Filter Include="Source Files\commands\supporting classes">
      <UniqueIdentifier>{594e43d5-1e9f-4e8f-9df3-5fa7b3b6b490}</UniqueIdentifier>
    </Filter>
    <Filter Include="Source Files\commands\sub-commands">
      <UniqueIdentifier>{a83070bb-529b-456c-95f2-1836828aaa69}</UniqueIdentifier>
    </Filter>
    <Filter Include="Source Files\exampleFIles">
      <UniqueIdentifier>{3946edbd-f7dc-4cde-8ba5-8d7c5e4e4e67}</UniqueIdentifier>
    </Filter>
    <Filter Include="Source Files\commands\sub-commands\GUIcommand">
      <UniqueIdentifier>{8b42a8cc-5367-464b-b995-dabaa0d69a3b}</UniqueIdentifier>
    </Filter>
    <Filter Include="Source Files\commands\sub-commands\programmingConstruct">
      <UniqueIdentifier>{22af131f-e014-4d60-bb9b-9be4e8ae283e}</UniqueIdentifier>
    </Filter>
    <Filter Include="Source Files\dataManipulators">
      <UniqueIdentifier>{c0d3d3f8-6dba-4055-8436-e41497b805d5}</UniqueIdentifier>
    </Filter>
    <Filter Include="Source Files\Memory">
      <UniqueIdentifier>{8a2ffb97-e561-4e0d-97cd-b86538e2d6d0}</UniqueIdentifier>
    </Filter>
    <Filter Include="Source Files\expressions">
      <UniqueIdentifier>{4550f926-7d15-4914-abaf-390957f955a1}</UniqueIdentifier>
    </Filter>
    <Filter Include="Header Files\commands\sub-commands\GUICommands">
      <UniqueIdentifier>{96569e93-96b7-4250-b804-b7f404e40a2c}</UniqueIdentifier>
    </Filter>
    <Filter Include="Header Files\commands\sub-commands\programmingConstructs">
      <UniqueIdentifier>{3423571f-8131-4220-8f37-6d9ddad62946}</UniqueIdentifier>
    </Filter>
    <Filter Include="Header Files\Expressions">
      <UniqueIdentifier>{ba4bf745-1ff7-4654-b777-e53e7fa1b724}</UniqueIdentifier>
    </Filter>
    <Filter Include="Header Files\Memory">
      <UniqueIdentifier>{2ffcf540-fff9-4a22-b4f9-d13d6efff906}</UniqueIdentifier>
    </Filter>
    <Filter Include="Header Files\dataManipulators">
      <UniqueIdentifier>{c5b04132-0c89-40d1-93e7-f5faf172e287}</UniqueIdentifier>
    </Filter>
    <Filter Include="Header Files\exceptions\graphics">
      <UniqueIdentifier>{d8fb3c94-6057-4692-bc6b-30081f14e30c}</UniqueIdentifier>
    </Filter>
  </ItemGroup>
  <ItemGroup>
    <ClCompile Include="profdevscratch.cpp">
      <Filter>Source Files</Filter>
    </ClCompile>
    <ClCompile Include="..\imgui\imgui.cpp">
      <Filter>Source Files\imgui</Filter>
    </ClCompile>
    <ClCompile Include="..\imgui\backends\imgui_impl_opengl3.cpp">
      <Filter>Source Files\imgui</Filter>
    </ClCompile>
    <ClCompile Include="..\imgui\backends\imgui_impl_sdl2.cpp">
      <Filter>Source Files\imgui</Filter>
    </ClCompile>
    <ClCompile Include="..\imgui\backends\imgui_impl_sdlrenderer2.cpp">
      <Filter>Source Files\imgui</Filter>
    </ClCompile>
    <ClCompile Include="..\imgui\imgui_draw.cpp">
      <Filter>Source Files\imgui</Filter>
    </ClCompile>
    <ClCompile Include="..\imgui\imgui_demo.cpp">
      <Filter>Source Files\imgui</Filter>
    </ClCompile>
    <ClCompile Include="..\imgui\imgui_widgets.cpp">
      <Filter>Source Files\imgui</Filter>
    </ClCompile>
    <ClCompile Include="..\imgui\imgui_tables.cpp">
      <Filter>Source Files\imgui</Filter>
    </ClCompile>
    <ClCompile Include="parser.cpp">
      <Filter>Source Files</Filter>
    </ClCompile>
    <ClCompile Include="..\imgui\misc\cpp\imgui_stdlib.cpp">
      <Filter>Source Files\imgui</Filter>
    </ClCompile>
    <ClCompile Include="shape.cpp">
      <Filter>Source Files\shapes</Filter>
    </ClCompile>
    <ClCompile Include="rectangle.cpp">
      <Filter>Source Files\shapes</Filter>
    </ClCompile>
    <ClCompile Include="contextalreadyset.cpp">
      <Filter>Source Files\exceptions</Filter>
    </ClCompile>
    <ClCompile Include="gui.cpp">
      <Filter>Source Files\graphics</Filter>
    </ClCompile>
    <ClCompile Include="Render.cpp">
      <Filter>Source Files\graphics</Filter>
    </ClCompile>
    <ClCompile Include="renderTexture.cpp">
      <Filter>Source Files\graphics</Filter>
    </ClCompile>
    <ClCompile Include="window.cpp">
      <Filter>Source Files\graphics</Filter>
    </ClCompile>
    <ClCompile Include="circle.cpp">
      <Filter>Source Files\shapes</Filter>
    </ClCompile>
    <ClCompile Include="triangle.cpp">
      <Filter>Source Files\shapes</Filter>
    </ClCompile>
    <ClCompile Include="nonfillvalue.cpp">
      <Filter>Source Files\exceptions</Filter>
    </ClCompile>
    <ClCompile Include="invalidParameters.cpp">
      <Filter>Source Files\exceptions</Filter>
    </ClCompile>
    <ClCompile Include="nonnumberexception.cpp">
      <Filter>Source Files\exceptions</Filter>
    </ClCompile>
    <ClCompile Include="notcolourexception.cpp">
      <Filter>Source Files\exceptions</Filter>
    </ClCompile>
    <ClCompile Include="notcommandexception.cpp">
      <Filter>Source Files\exceptions</Filter>
    </ClCompile>
    <ClCompile Include="IArgManager.cpp">
      <Filter>Source Files\commands\supporting classes</Filter>
    </ClCompile>
    <ClCompile Include="Commands.cpp">
      <Filter>Source Files\commands\supporting classes</Filter>
    </ClCompile>
    <ClCompile Include="eventfactory.cpp">
      <Filter>Source Files\commands\supporting classes</Filter>
    </ClCompile>
    <ClCompile Include="commandFactory.cpp">
      <Filter>Source Files\commands\supporting classes</Filter>
    </ClCompile>
    <ClCompile Include="circleRun.cpp">
      <Filter>Source Files\exampleFIles</Filter>
    </ClCompile>
    <ClCompile Include="circleCommand.cpp">
      <Filter>Source Files\commands\sub-commands\GUIcommand</Filter>
    </ClCompile>
    <ClCompile Include="clearcommand.cpp">
      <Filter>Source Files\commands\sub-commands\GUIcommand</Filter>
    </ClCompile>
    <ClCompile Include="colourCommand.cpp">
      <Filter>Source Files\commands\sub-commands\GUIcommand</Filter>
    </ClCompile>
    <ClCompile Include="drawToCommand.cpp">
      <Filter>Source Files\commands\sub-commands\GUIcommand</Filter>
    </ClCompile>
    <ClCompile Include="fillCommand.cpp">
      <Filter>Source Files\commands\sub-commands\GUIcommand</Filter>
    </ClCompile>
    <ClCompile Include="PosPencommand.cpp">
      <Filter>Source Files\commands\sub-commands\GUIcommand</Filter>
    </ClCompile>
    <ClCompile Include="rectangleCommand.cpp">
      <Filter>Source Files\commands\sub-commands\GUIcommand</Filter>
    </ClCompile>
    <ClCompile Include="resetCommand.cpp">
      <Filter>Source Files\commands\sub-commands\GUIcommand</Filter>
    </ClCompile>
    <ClCompile Include="triangleCommand.cpp">
      <Filter>Source Files\commands\sub-commands\GUIcommand</Filter>
    </ClCompile>
    <ClCompile Include="commandCat.cpp">
      <Filter>Source Files\commands\supporting classes</Filter>
    </ClCompile>
    <ClCompile Include="commandCatFactory.cpp">
      <Filter>Source Files\commands\supporting classes</Filter>
    </ClCompile>
    <ClCompile Include="dataChecker.cpp">
      <Filter>Source Files\dataManipulators</Filter>
    </ClCompile>
    <ClCompile Include="dataConverter.cpp">
      <Filter>Source Files\dataManipulators</Filter>
    </ClCompile>
    <ClCompile Include="endWhile.cpp">
      <Filter>Source Files\commands\sub-commands\programmingConstruct</Filter>
    </ClCompile>
    <ClCompile Include="erroneousVarName.cpp">
      <Filter>Source Files\exceptions</Filter>
    </ClCompile>
    <ClCompile Include="executorManager.cpp">
      <Filter>Source Files\commands\supporting classes</Filter>
    </ClCompile>
    <ClCompile Include="MemoryManager.cpp">
      <Filter>Source Files\Memory</Filter>
    </ClCompile>
    <ClCompile Include="memoryUnsupportedType.cpp">
      <Filter>Source Files\exceptions</Filter>
    </ClCompile>
    <ClCompile Include="nonStringException.cpp">
      <Filter>Source Files\exceptions</Filter>
    </ClCompile>
    <ClCompile Include="operationNotSupportDataType.cpp">
      <Filter>Source Files\exceptions</Filter>
    </ClCompile>
    <ClCompile Include="Expression.cpp">
      <Filter>Source Files\expressions</Filter>
    </ClCompile>
    <ClCompile Include="operators.cpp">
      <Filter>Source Files\expressions</Filter>
    </ClCompile>
    <ClCompile Include="Page.cpp">
      <Filter>Source Files\Memory</Filter>
    </ClCompile>
    <ClCompile Include="programmingBodies.cpp">
      <Filter>Source Files\commands\supporting classes</Filter>
    </ClCompile>
    <ClCompile Include="programmingConstructs.cpp">
      <Filter>Source Files\commands\supporting classes</Filter>
    </ClCompile>
    <ClCompile Include="programmingConstructsFactory.cpp">
      <Filter>Source Files\commands\supporting classes</Filter>
    </ClCompile>
    <ClCompile Include="specialChar.cpp">
      <Filter>Source Files\dataManipulators</Filter>
    </ClCompile>
    <ClCompile Include="variableIsUndefined.cpp">
      <Filter>Source Files\exceptions</Filter>
    </ClCompile>
    <ClCompile Include="whileCommand.cpp">
      <Filter>Source Files\commands\sub-commands\programmingConstruct</Filter>
    </ClCompile>
    <ClCompile Include="bodyEnd.cpp">
      <Filter>Source Files\commands\supporting classes</Filter>
    </ClCompile>
    <ClCompile Include="ifCommand.cpp">
      <Filter>Source Files\commands\sub-commands\programmingConstruct</Filter>
    </ClCompile>
    <ClCompile Include="endif.cpp">
      <Filter>Source Files\commands\sub-commands\programmingConstruct</Filter>
    </ClCompile>
    <ClCompile Include="factoryEntry.cpp">
      <Filter>Source Files\commands\supporting classes</Filter>
    </ClCompile>
    <ClCompile Include="Function.cpp">
      <Filter>Source Files</Filter>
    </ClCompile>
    <ClCompile Include="methodCommand.cpp">
      <Filter>Source Files</Filter>
    </ClCompile>
    <ClCompile Include="MemoryRestorer.cpp">
      <Filter>Source Files</Filter>
    </ClCompile>
    <ClCompile Include="endMethod.cpp">
      <Filter>Source Files</Filter>
    </ClCompile>
    <ClCompile Include="ThreadManager.cpp">
      <Filter>Source Files</Filter>
    </ClCompile>
  </ItemGroup>
  <ItemGroup>
    <ClInclude Include="..\imgui\imgui.h">
      <Filter>Header Files\imgui</Filter>
    </ClInclude>
    <ClInclude Include="..\imgui\backends\imgui_impl_opengl3.h">
      <Filter>Header Files\imgui</Filter>
    </ClInclude>
    <ClInclude Include="..\imgui\backends\imgui_impl_opengl3_loader.h">
      <Filter>Header Files\imgui</Filter>
    </ClInclude>
    <ClInclude Include="..\imgui\backends\imgui_impl_sdl2.h">
      <Filter>Header Files\imgui</Filter>
    </ClInclude>
    <ClInclude Include="..\imgui\backends\imgui_impl_sdlrenderer2.h">
      <Filter>Header Files\imgui</Filter>
    </ClInclude>
    <ClInclude Include="parser.h">
      <Filter>Header Files</Filter>
    </ClInclude>
    <ClInclude Include="..\imgui\misc\cpp\imgui_stdlib.h">
      <Filter>Header Files\imgui</Filter>
    </ClInclude>
    <ClInclude Include="shape.h">
      <Filter>Header Files\shapes</Filter>
    </ClInclude>
    <ClInclude Include="rectangle.h">
      <Filter>Header Files\shapes</Filter>
    </ClInclude>
    <ClInclude Include="contextalreadyset.h">
      <Filter>Header Files\exceptions</Filter>
    </ClInclude>
    <ClInclude Include="gui.h">
      <Filter>Header Files\exceptions\graphics</Filter>
    </ClInclude>
    <ClInclude Include="Render.h">
      <Filter>Header Files\exceptions\graphics</Filter>
    </ClInclude>
    <ClInclude Include="renderTexture.h">
      <Filter>Header Files\exceptions\graphics</Filter>
    </ClInclude>
    <ClInclude Include="window.h">
      <Filter>Header Files\exceptions\graphics</Filter>
    </ClInclude>
    <ClInclude Include="triangle.h">
      <Filter>Header Files\shapes</Filter>
    </ClInclude>
    <ClInclude Include="circle.h">
      <Filter>Header Files\shapes</Filter>
    </ClInclude>
    <ClInclude Include="nonnumberexception.h">
      <Filter>Header Files\exceptions</Filter>
    </ClInclude>
    <ClInclude Include="nonfillvalue.h">
      <Filter>Header Files\exceptions</Filter>
    </ClInclude>
    <ClInclude Include="notcolourexception.h">
      <Filter>Header Files\exceptions</Filter>
    </ClInclude>
    <ClInclude Include="notcommandexception.h">
      <Filter>Header Files\exceptions</Filter>
    </ClInclude>
    <ClInclude Include="invalidParameters.h">
      <Filter>Header Files\exceptions</Filter>
    </ClInclude>
    <ClInclude Include="commandFactory.h">
      <Filter>Header Files\commands\supporting classes</Filter>
    </ClInclude>
    <ClInclude Include="Commands.h">
      <Filter>Header Files\commands\supporting classes</Filter>
    </ClInclude>
    <ClInclude Include="IArgManager.h">
      <Filter>Header Files\commands\supporting classes</Filter>
    </ClInclude>
    <ClInclude Include="operationNotSupportDataType.h">
      <Filter>Header Files\exceptions</Filter>
    </ClInclude>
    <ClInclude Include="circleCommand.h">
      <Filter>Header Files\commands\sub-commands\GUICommands</Filter>
    </ClInclude>
    <ClInclude Include="clearcommand.h">
      <Filter>Header Files\commands\sub-commands\GUICommands</Filter>
    </ClInclude>
    <ClInclude Include="colourCommand.h">
      <Filter>Header Files\commands\sub-commands\GUICommands</Filter>
    </ClInclude>
    <ClInclude Include="drawToCommand.h">
      <Filter>Header Files\commands\sub-commands\GUICommands</Filter>
    </ClInclude>
    <ClInclude Include="fillCommand.h">
      <Filter>Header Files\commands\sub-commands\GUICommands</Filter>
    </ClInclude>
    <ClInclude Include="PosPencommand.h">
      <Filter>Header Files\commands\sub-commands\GUICommands</Filter>
    </ClInclude>
    <ClInclude Include="rectangleCommand.h">
      <Filter>Header Files\commands\sub-commands\GUICommands</Filter>
    </ClInclude>
    <ClInclude Include="resetCommand.h">
      <Filter>Header Files\commands\sub-commands\GUICommands</Filter>
    </ClInclude>
    <ClInclude Include="triangleCommand.h">
      <Filter>Header Files\commands\sub-commands\GUICommands</Filter>
    </ClInclude>
    <ClInclude Include="commandCat.h">
      <Filter>Header Files\commands\supporting classes</Filter>
    </ClInclude>
    <ClInclude Include="commandCatFactory.h">
      <Filter>Header Files\commands\supporting classes</Filter>
    </ClInclude>
    <ClInclude Include="endWhile.h">
      <Filter>Header Files\commands\sub-commands\programmingConstructs</Filter>
    </ClInclude>
    <ClInclude Include="erroneousVarName.h">
      <Filter>Header Files\exceptions</Filter>
    </ClInclude>
    <ClInclude Include="executorManager.h">
      <Filter>Header Files\commands\supporting classes</Filter>
    </ClInclude>
    <ClInclude Include="Expression.h">
      <Filter>Header Files\Expressions</Filter>
    </ClInclude>
    <ClInclude Include="memoryUnsupportedType.h">
      <Filter>Header Files\exceptions</Filter>
    </ClInclude>
    <ClInclude Include="nonStringException.h">
      <Filter>Header Files\exceptions</Filter>
    </ClInclude>
    <ClInclude Include="operators.h">
      <Filter>Header Files\Expressions</Filter>
    </ClInclude>
    <ClInclude Include="programmingBodies.h">
      <Filter>Header Files\commands\supporting classes</Filter>
    </ClInclude>
    <ClInclude Include="programmingConstructs.h">
      <Filter>Header Files\commands\supporting classes</Filter>
    </ClInclude>
    <ClInclude Include="programmingConstructsFactory.h">
      <Filter>Header Files\commands\supporting classes</Filter>
    </ClInclude>
    <ClInclude Include="variableIsUndefined.h">
      <Filter>Header Files\Expressions</Filter>
    </ClInclude>
    <ClInclude Include="whileCommand.h">
      <Filter>Header Files\commands\sub-commands\programmingConstructs</Filter>
    </ClInclude>
    <ClInclude Include="bodyEnd.h">
      <Filter>Header Files\commands\supporting classes</Filter>
    </ClInclude>
    <ClInclude Include="Page.h">
      <Filter>Header Files\Memory</Filter>
    </ClInclude>
    <ClInclude Include="MemoryManager.h">
      <Filter>Header Files\Memory</Filter>
    </ClInclude>
    <ClInclude Include="dataChecker.h">
      <Filter>Header Files\dataManipulators</Filter>
    </ClInclude>
    <ClInclude Include="dataConverter.h">
      <Filter>Header Files\dataManipulators</Filter>
    </ClInclude>
    <ClInclude Include="specialChar.h">
      <Filter>Header Files\dataManipulators</Filter>
    </ClInclude>
    <ClInclude Include="endif.h">
      <Filter>Header Files\commands\sub-commands\programmingConstructs</Filter>
    </ClInclude>
    <ClInclude Include="factoryEntry.h">
      <Filter>Header Files\commands\supporting classes</Filter>
    </ClInclude>
    <ClInclude Include="endMethod.h">
      <Filter>Header Files\commands\sub-commands\programmingConstructs</Filter>
    </ClInclude>
    <ClInclude Include="Function.h">
      <Filter>Header Files\commands\sub-commands\programmingConstructs</Filter>
    </ClInclude>
    <ClInclude Include="ifCommand.h">
      <Filter>Header Files\commands\sub-commands\programmingConstructs</Filter>
    </ClInclude>
    <ClInclude Include="MemoryRestorer.h">
      <Filter>Header Files\commands\supporting classes</Filter>
    </ClInclude>
    <ClInclude Include="methodCommand.h">
      <Filter>Header Files\commands\sub-commands\programmingConstructs</Filter>
    </ClInclude>
    <ClInclude Include="ThreadManager.h">
      <Filter>Header Files</Filter>
    </ClInclude>
  </ItemGroup>
  <ItemGroup>
    <None Include="packages.config">
      <Filter>Source Files</Filter>
    </None>
  </ItemGroup>
</Project>